// !$*UTF8*$!
{
	archiveVersion = 1;
	classes = {
	};
	objectVersion = 50;
	objects = {

/* Begin PBXBuildFile section */
		3D374AC62547681200B1DD03 /* AppDelegate.swift in Sources */ = {isa = PBXBuildFile; fileRef = 3D374AC52547681200B1DD03 /* AppDelegate.swift */; };
		3D374AC82547681200B1DD03 /* SceneDelegate.swift in Sources */ = {isa = PBXBuildFile; fileRef = 3D374AC72547681200B1DD03 /* SceneDelegate.swift */; };
		3D374ACA2547681200B1DD03 /* ViewController.swift in Sources */ = {isa = PBXBuildFile; fileRef = 3D374AC92547681200B1DD03 /* ViewController.swift */; };
		3D374ACD2547681200B1DD03 /* Main.storyboard in Resources */ = {isa = PBXBuildFile; fileRef = 3D374ACB2547681200B1DD03 /* Main.storyboard */; };
		3D374ACF2547681500B1DD03 /* Assets.xcassets in Resources */ = {isa = PBXBuildFile; fileRef = 3D374ACE2547681500B1DD03 /* Assets.xcassets */; };
		3D374AD22547681500B1DD03 /* LaunchScreen.storyboard in Resources */ = {isa = PBXBuildFile; fileRef = 3D374AD02547681500B1DD03 /* LaunchScreen.storyboard */; };
		3D374ADD2547681500B1DD03 /* autolayoutTests.swift in Sources */ = {isa = PBXBuildFile; fileRef = 3D374ADC2547681500B1DD03 /* autolayoutTests.swift */; };
		3D374AE82547681500B1DD03 /* autolayoutUITests.swift in Sources */ = {isa = PBXBuildFile; fileRef = 3D374AE72547681500B1DD03 /* autolayoutUITests.swift */; };
/* End PBXBuildFile section */

/* Begin PBXContainerItemProxy section */
		3D374AD92547681500B1DD03 /* PBXContainerItemProxy */ = {
			isa = PBXContainerItemProxy;
			containerPortal = 3D374ABA2547681200B1DD03 /* Project object */;
			proxyType = 1;
			remoteGlobalIDString = 3D374AC12547681200B1DD03;
			remoteInfo = autolayout;
		};
		3D374AE42547681500B1DD03 /* PBXContainerItemProxy */ = {
			isa = PBXContainerItemProxy;
			containerPortal = 3D374ABA2547681200B1DD03 /* Project object */;
			proxyType = 1;
			remoteGlobalIDString = 3D374AC12547681200B1DD03;
			remoteInfo = autolayout;
		};
/* End PBXContainerItemProxy section */

/* Begin PBXFileReference section */
		3D374AC22547681200B1DD03 /* autolayout.app */ = {isa = PBXFileReference; explicitFileType = wrapper.application; includeInIndex = 0; path = autolayout.app; sourceTree = BUILT_PRODUCTS_DIR; };
		3D374AC52547681200B1DD03 /* AppDelegate.swift */ = {isa = PBXFileReference; lastKnownFileType = sourcecode.swift; path = AppDelegate.swift; sourceTree = "<group>"; };
		3D374AC72547681200B1DD03 /* SceneDelegate.swift */ = {isa = PBXFileReference; lastKnownFileType = sourcecode.swift; path = SceneDelegate.swift; sourceTree = "<group>"; };
		3D374AC92547681200B1DD03 /* ViewController.swift */ = {isa = PBXFileReference; lastKnownFileType = sourcecode.swift; path = ViewController.swift; sourceTree = "<group>"; };
		3D374ACC2547681200B1DD03 /* Base */ = {isa = PBXFileReference; lastKnownFileType = file.storyboard; name = Base; path = Base.lproj/Main.storyboard; sourceTree = "<group>"; };
		3D374ACE2547681500B1DD03 /* Assets.xcassets */ = {isa = PBXFileReference; lastKnownFileType = folder.assetcatalog; path = Assets.xcassets; sourceTree = "<group>"; };
		3D374AD12547681500B1DD03 /* Base */ = {isa = PBXFileReference; lastKnownFileType = file.storyboard; name = Base; path = Base.lproj/LaunchScreen.storyboard; sourceTree = "<group>"; };
		3D374AD32547681500B1DD03 /* Info.plist */ = {isa = PBXFileReference; lastKnownFileType = text.plist.xml; path = Info.plist; sourceTree = "<group>"; };
		3D374AD82547681500B1DD03 /* autolayoutTests.xctest */ = {isa = PBXFileReference; explicitFileType = wrapper.cfbundle; includeInIndex = 0; path = autolayoutTests.xctest; sourceTree = BUILT_PRODUCTS_DIR; };
		3D374ADC2547681500B1DD03 /* autolayoutTests.swift */ = {isa = PBXFileReference; lastKnownFileType = sourcecode.swift; path = autolayoutTests.swift; sourceTree = "<group>"; };
		3D374ADE2547681500B1DD03 /* Info.plist */ = {isa = PBXFileReference; lastKnownFileType = text.plist.xml; path = Info.plist; sourceTree = "<group>"; };
		3D374AE32547681500B1DD03 /* autolayoutUITests.xctest */ = {isa = PBXFileReference; explicitFileType = wrapper.cfbundle; includeInIndex = 0; path = autolayoutUITests.xctest; sourceTree = BUILT_PRODUCTS_DIR; };
		3D374AE72547681500B1DD03 /* autolayoutUITests.swift */ = {isa = PBXFileReference; lastKnownFileType = sourcecode.swift; path = autolayoutUITests.swift; sourceTree = "<group>"; };
		3D374AE92547681500B1DD03 /* Info.plist */ = {isa = PBXFileReference; lastKnownFileType = text.plist.xml; path = Info.plist; sourceTree = "<group>"; };
/* End PBXFileReference section */

/* Begin PBXFrameworksBuildPhase section */
		3D374ABF2547681200B1DD03 /* Frameworks */ = {
			isa = PBXFrameworksBuildPhase;
			buildActionMask = 2147483647;
			files = (
			);
			runOnlyForDeploymentPostprocessing = 0;
		};
		3D374AD52547681500B1DD03 /* Frameworks */ = {
			isa = PBXFrameworksBuildPhase;
			buildActionMask = 2147483647;
			files = (
			);
			runOnlyForDeploymentPostprocessing = 0;
		};
		3D374AE02547681500B1DD03 /* Frameworks */ = {
			isa = PBXFrameworksBuildPhase;
			buildActionMask = 2147483647;
			files = (
			);
			runOnlyForDeploymentPostprocessing = 0;
		};
/* End PBXFrameworksBuildPhase section */

/* Begin PBXGroup section */
		3D374AB92547681200B1DD03 = {
			isa = PBXGroup;
			children = (
				3D374AC42547681200B1DD03 /* autolayout */,
				3D374ADB2547681500B1DD03 /* autolayoutTests */,
				3D374AE62547681500B1DD03 /* autolayoutUITests */,
				3D374AC32547681200B1DD03 /* Products */,
			);
			sourceTree = "<group>";
		};
		3D374AC32547681200B1DD03 /* Products */ = {
			isa = PBXGroup;
			children = (
				3D374AC22547681200B1DD03 /* autolayout.app */,
				3D374AD82547681500B1DD03 /* autolayoutTests.xctest */,
				3D374AE32547681500B1DD03 /* autolayoutUITests.xctest */,
			);
			name = Products;
			sourceTree = "<group>";
		};
		3D374AC42547681200B1DD03 /* autolayout */ = {
			isa = PBXGroup;
			children = (
				3D374AC52547681200B1DD03 /* AppDelegate.swift */,
				3D374AC72547681200B1DD03 /* SceneDelegate.swift */,
				3D374AC92547681200B1DD03 /* ViewController.swift */,
				3D374ACB2547681200B1DD03 /* Main.storyboard */,
				3D374ACE2547681500B1DD03 /* Assets.xcassets */,
				3D374AD02547681500B1DD03 /* LaunchScreen.storyboard */,
				3D374AD32547681500B1DD03 /* Info.plist */,
			);
			path = autolayout;
			sourceTree = "<group>";
		};
		3D374ADB2547681500B1DD03 /* autolayoutTests */ = {
			isa = PBXGroup;
			children = (
				3D374ADC2547681500B1DD03 /* autolayoutTests.swift */,
				3D374ADE2547681500B1DD03 /* Info.plist */,
			);
			path = autolayoutTests;
			sourceTree = "<group>";
		};
		3D374AE62547681500B1DD03 /* autolayoutUITests */ = {
			isa = PBXGroup;
			children = (
				3D374AE72547681500B1DD03 /* autolayoutUITests.swift */,
				3D374AE92547681500B1DD03 /* Info.plist */,
			);
			path = autolayoutUITests;
			sourceTree = "<group>";
		};
/* End PBXGroup section */

/* Begin PBXNativeTarget section */
		3D374AC12547681200B1DD03 /* autolayout */ = {
			isa = PBXNativeTarget;
			buildConfigurationList = 3D374AEC2547681500B1DD03 /* Build configuration list for PBXNativeTarget "autolayout" */;
			buildPhases = (
				3D374ABE2547681200B1DD03 /* Sources */,
				3D374ABF2547681200B1DD03 /* Frameworks */,
				3D374AC02547681200B1DD03 /* Resources */,
			);
			buildRules = (
			);
			dependencies = (
			);
			name = autolayout;
			productName = autolayout;
			productReference = 3D374AC22547681200B1DD03 /* autolayout.app */;
			productType = "com.apple.product-type.application";
		};
		3D374AD72547681500B1DD03 /* autolayoutTests */ = {
			isa = PBXNativeTarget;
			buildConfigurationList = 3D374AEF2547681500B1DD03 /* Build configuration list for PBXNativeTarget "autolayoutTests" */;
			buildPhases = (
				3D374AD42547681500B1DD03 /* Sources */,
				3D374AD52547681500B1DD03 /* Frameworks */,
				3D374AD62547681500B1DD03 /* Resources */,
			);
			buildRules = (
			);
			dependencies = (
				3D374ADA2547681500B1DD03 /* PBXTargetDependency */,
			);
			name = autolayoutTests;
			productName = autolayoutTests;
			productReference = 3D374AD82547681500B1DD03 /* autolayoutTests.xctest */;
			productType = "com.apple.product-type.bundle.unit-test";
		};
		3D374AE22547681500B1DD03 /* autolayoutUITests */ = {
			isa = PBXNativeTarget;
			buildConfigurationList = 3D374AF22547681500B1DD03 /* Build configuration list for PBXNativeTarget "autolayoutUITests" */;
			buildPhases = (
				3D374ADF2547681500B1DD03 /* Sources */,
				3D374AE02547681500B1DD03 /* Frameworks */,
				3D374AE12547681500B1DD03 /* Resources */,
			);
			buildRules = (
			);
			dependencies = (
				3D374AE52547681500B1DD03 /* PBXTargetDependency */,
			);
			name = autolayoutUITests;
			productName = autolayoutUITests;
			productReference = 3D374AE32547681500B1DD03 /* autolayoutUITests.xctest */;
			productType = "com.apple.product-type.bundle.ui-testing";
		};
/* End PBXNativeTarget section */

/* Begin PBXProject section */
		3D374ABA2547681200B1DD03 /* Project object */ = {
			isa = PBXProject;
			attributes = {
				LastSwiftUpdateCheck = 1130;
				LastUpgradeCheck = 1130;
				ORGANIZATIONNAME = Alumno;
				TargetAttributes = {
					3D374AC12547681200B1DD03 = {
						CreatedOnToolsVersion = 11.3.1;
					};
					3D374AD72547681500B1DD03 = {
						CreatedOnToolsVersion = 11.3.1;
						TestTargetID = 3D374AC12547681200B1DD03;
					};
					3D374AE22547681500B1DD03 = {
						CreatedOnToolsVersion = 11.3.1;
						TestTargetID = 3D374AC12547681200B1DD03;
					};
				};
			};
			buildConfigurationList = 3D374ABD2547681200B1DD03 /* Build configuration list for PBXProject "autolayout" */;
			compatibilityVersion = "Xcode 9.3";
			developmentRegion = en;
			hasScannedForEncodings = 0;
			knownRegions = (
				en,
				Base,
			);
			mainGroup = 3D374AB92547681200B1DD03;
			productRefGroup = 3D374AC32547681200B1DD03 /* Products */;
			projectDirPath = "";
			projectRoot = "";
			targets = (
				3D374AC12547681200B1DD03 /* autolayout */,
				3D374AD72547681500B1DD03 /* autolayoutTests */,
				3D374AE22547681500B1DD03 /* autolayoutUITests */,
			);
		};
/* End PBXProject section */

/* Begin PBXResourcesBuildPhase section */
		3D374AC02547681200B1DD03 /* Resources */ = {
			isa = PBXResourcesBuildPhase;
			buildActionMask = 2147483647;
			files = (
				3D374AD22547681500B1DD03 /* LaunchScreen.storyboard in Resources */,
				3D374ACF2547681500B1DD03 /* Assets.xcassets in Resources */,
				3D374ACD2547681200B1DD03 /* Main.storyboard in Resources */,
			);
			runOnlyForDeploymentPostprocessing = 0;
		};
		3D374AD62547681500B1DD03 /* Resources */ = {
			isa = PBXResourcesBuildPhase;
			buildActionMask = 2147483647;
			files = (
			);
			runOnlyForDeploymentPostprocessing = 0;
		};
		3D374AE12547681500B1DD03 /* Resources */ = {
			isa = PBXResourcesBuildPhase;
			buildActionMask = 2147483647;
			files = (
			);
			runOnlyForDeploymentPostprocessing = 0;
		};
/* End PBXResourcesBuildPhase section */

/* Begin PBXSourcesBuildPhase section */
		3D374ABE2547681200B1DD03 /* Sources */ = {
			isa = PBXSourcesBuildPhase;
			buildActionMask = 2147483647;
			files = (
				3D374ACA2547681200B1DD03 /* ViewController.swift in Sources */,
				3D374AC62547681200B1DD03 /* AppDelegate.swift in Sources */,
				3D374AC82547681200B1DD03 /* SceneDelegate.swift in Sources */,
			);
			runOnlyForDeploymentPostprocessing = 0;
		};
		3D374AD42547681500B1DD03 /* Sources */ = {
			isa = PBXSourcesBuildPhase;
			buildActionMask = 2147483647;
			files = (
				3D374ADD2547681500B1DD03 /* autolayoutTests.swift in Sources */,
			);
			runOnlyForDeploymentPostprocessing = 0;
		};
		3D374ADF2547681500B1DD03 /* Sources */ = {
			isa = PBXSourcesBuildPhase;
			buildActionMask = 2147483647;
			files = (
				3D374AE82547681500B1DD03 /* autolayoutUITests.swift in Sources */,
			);
			runOnlyForDeploymentPostprocessing = 0;
		};
/* End PBXSourcesBuildPhase section */

/* Begin PBXTargetDependency section */
		3D374ADA2547681500B1DD03 /* PBXTargetDependency */ = {
			isa = PBXTargetDependency;
			target = 3D374AC12547681200B1DD03 /* autolayout */;
			targetProxy = 3D374AD92547681500B1DD03 /* PBXContainerItemProxy */;
		};
		3D374AE52547681500B1DD03 /* PBXTargetDependency */ = {
			isa = PBXTargetDependency;
			target = 3D374AC12547681200B1DD03 /* autolayout */;
			targetProxy = 3D374AE42547681500B1DD03 /* PBXContainerItemProxy */;
		};
/* End PBXTargetDependency section */

/* Begin PBXVariantGroup section */
		3D374ACB2547681200B1DD03 /* Main.storyboard */ = {
			isa = PBXVariantGroup;
			children = (
				3D374ACC2547681200B1DD03 /* Base */,
			);
			name = Main.storyboard;
			sourceTree = "<group>";
		};
		3D374AD02547681500B1DD03 /* LaunchScreen.storyboard */ = {
			isa = PBXVariantGroup;
			children = (
				3D374AD12547681500B1DD03 /* Base */,
			);
			name = LaunchScreen.storyboard;
			sourceTree = "<group>";
		};
/* End PBXVariantGroup section */

/* Begin XCBuildConfiguration section */
		3D374AEA2547681500B1DD03 /* Debug */ = {
			isa = XCBuildConfiguration;
			buildSettings = {
				ALWAYS_SEARCH_USER_PATHS = NO;
				CLANG_ANALYZER_NONNULL = YES;
				CLANG_ANALYZER_NUMBER_OBJECT_CONVERSION = YES_AGGRESSIVE;
				CLANG_CXX_LANGUAGE_STANDARD = "gnu++14";
				CLANG_CXX_LIBRARY = "libc++";
				CLANG_ENABLE_MODULES = YES;
				CLANG_ENABLE_OBJC_ARC = YES;
				CLANG_ENABLE_OBJC_WEAK = YES;
				CLANG_WARN_BLOCK_CAPTURE_AUTORELEASING = YES;
				CLANG_WARN_BOOL_CONVERSION = YES;
				CLANG_WARN_COMMA = YES;
				CLANG_WARN_CONSTANT_CONVERSION = YES;
				CLANG_WARN_DEPRECATED_OBJC_IMPLEMENTATIONS = YES;
				CLANG_WARN_DIRECT_OBJC_ISA_USAGE = YES_ERROR;
				CLANG_WARN_DOCUMENTATION_COMMENTS = YES;
				CLANG_WARN_EMPTY_BODY = YES;
				CLANG_WARN_ENUM_CONVERSION = YES;
				CLANG_WARN_INFINITE_RECURSION = YES;
				CLANG_WARN_INT_CONVERSION = YES;
				CLANG_WARN_NON_LITERAL_NULL_CONVERSION = YES;
				CLANG_WARN_OBJC_IMPLICIT_RETAIN_SELF = YES;
				CLANG_WARN_OBJC_LITERAL_CONVERSION = YES;
				CLANG_WARN_OBJC_ROOT_CLASS = YES_ERROR;
				CLANG_WARN_RANGE_LOOP_ANALYSIS = YES;
				CLANG_WARN_STRICT_PROTOTYPES = YES;
				CLANG_WARN_SUSPICIOUS_MOVE = YES;
				CLANG_WARN_UNGUARDED_AVAILABILITY = YES_AGGRESSIVE;
				CLANG_WARN_UNREACHABLE_CODE = YES;
				CLANG_WARN__DUPLICATE_METHOD_MATCH = YES;
				COPY_PHASE_STRIP = NO;
				DEBUG_INFORMATION_FORMAT = dwarf;
				ENABLE_STRICT_OBJC_MSGSEND = YES;
				ENABLE_TESTABILITY = YES;
				GCC_C_LANGUAGE_STANDARD = gnu11;
				GCC_DYNAMIC_NO_PIC = NO;
				GCC_NO_COMMON_BLOCKS = YES;
				GCC_OPTIMIZATION_LEVEL = 0;
				GCC_PREPROCESSOR_DEFINITIONS = (
					"DEBUG=1",
					"$(inherited)",
				);
				GCC_WARN_64_TO_32_BIT_CONVERSION = YES;
				GCC_WARN_ABOUT_RETURN_TYPE = YES_ERROR;
				GCC_WARN_UNDECLARED_SELECTOR = YES;
				GCC_WARN_UNINITIALIZED_AUTOS = YES_AGGRESSIVE;
				GCC_WARN_UNUSED_FUNCTION = YES;
				GCC_WARN_UNUSED_VARIABLE = YES;
				IPHONEOS_DEPLOYMENT_TARGET = 13.2;
				MTL_ENABLE_DEBUG_INFO = INCLUDE_SOURCE;
				MTL_FAST_MATH = YES;
				ONLY_ACTIVE_ARCH = YES;
				SDKROOT = iphoneos;
				SWIFT_ACTIVE_COMPILATION_CONDITIONS = DEBUG;
				SWIFT_OPTIMIZATION_LEVEL = "-Onone";
			};
			name = Debug;
		};
		3D374AEB2547681500B1DD03 /* Release */ = {
			isa = XCBuildConfiguration;
			buildSettings = {
				ALWAYS_SEARCH_USER_PATHS = NO;
				CLANG_ANALYZER_NONNULL = YES;
				CLANG_ANALYZER_NUMBER_OBJECT_CONVERSION = YES_AGGRESSIVE;
				CLANG_CXX_LANGUAGE_STANDARD = "gnu++14";
				CLANG_CXX_LIBRARY = "libc++";
				CLANG_ENABLE_MODULES = YES;
				CLANG_ENABLE_OBJC_ARC = YES;
				CLANG_ENABLE_OBJC_WEAK = YES;
				CLANG_WARN_BLOCK_CAPTURE_AUTORELEASING = YES;
				CLANG_WARN_BOOL_CONVERSION = YES;
				CLANG_WARN_COMMA = YES;
				CLANG_WARN_CONSTANT_CONVERSION = YES;
				CLANG_WARN_DEPRECATED_OBJC_IMPLEMENTATIONS = YES;
				CLANG_WARN_DIRECT_OBJC_ISA_USAGE = YES_ERROR;
				CLANG_WARN_DOCUMENTATION_COMMENTS = YES;
				CLANG_WARN_EMPTY_BODY = YES;
				CLANG_WARN_ENUM_CONVERSION = YES;
				CLANG_WARN_INFINITE_RECURSION = YES;
				CLANG_WARN_INT_CONVERSION = YES;
				CLANG_WARN_NON_LITERAL_NULL_CONVERSION = YES;
				CLANG_WARN_OBJC_IMPLICIT_RETAIN_SELF = YES;
				CLANG_WARN_OBJC_LITERAL_CONVERSION = YES;
				CLANG_WARN_OBJC_ROOT_CLASS = YES_ERROR;
				CLANG_WARN_RANGE_LOOP_ANALYSIS = YES;
				CLANG_WARN_STRICT_PROTOTYPES = YES;
				CLANG_WARN_SUSPICIOUS_MOVE = YES;
				CLANG_WARN_UNGUARDED_AVAILABILITY = YES_AGGRESSIVE;
				CLANG_WARN_UNREACHABLE_CODE = YES;
				CLANG_WARN__DUPLICATE_METHOD_MATCH = YES;
				COPY_PHASE_STRIP = NO;
				DEBUG_INFORMATION_FORMAT = "dwarf-with-dsym";
				ENABLE_NS_ASSERTIONS = NO;
				ENABLE_STRICT_OBJC_MSGSEND = YES;
				GCC_C_LANGUAGE_STANDARD = gnu11;
				GCC_NO_COMMON_BLOCKS = YES;
				GCC_WARN_64_TO_32_BIT_CONVERSION = YES;
				GCC_WARN_ABOUT_RETURN_TYPE = YES_ERROR;
				GCC_WARN_UNDECLARED_SELECTOR = YES;
				GCC_WARN_UNINITIALIZED_AUTOS = YES_AGGRESSIVE;
				GCC_WARN_UNUSED_FUNCTION = YES;
				GCC_WARN_UNUSED_VARIABLE = YES;
				IPHONEOS_DEPLOYMENT_TARGET = 13.2;
				MTL_ENABLE_DEBUG_INFO = NO;
				MTL_FAST_MATH = YES;
				SDKROOT = iphoneos;
				SWIFT_COMPILATION_MODE = wholemodule;
				SWIFT_OPTIMIZATION_LEVEL = "-O";
				VALIDATE_PRODUCT = YES;
			};
			name = Release;
		};
		3D374AED2547681500B1DD03 /* Debug */ = {
			isa = XCBuildConfiguration;
			buildSettings = {
				ASSETCATALOG_COMPILER_APPICON_NAME = AppIcon;
				CODE_SIGN_STYLE = Automatic;
				INFOPLIST_FILE = autolayout/Info.plist;
				LD_RUNPATH_SEARCH_PATHS = (
					"$(inherited)",
					"@executable_path/Frameworks",
				);
				PRODUCT_BUNDLE_IDENTIFIER = ulsa.edu.autolayout;
				PRODUCT_NAME = "$(TARGET_NAME)";
				SWIFT_VERSION = 5.0;
				TARGETED_DEVICE_FAMILY = "1,2";
			};
			name = Debug;
		};
		3D374AEE2547681500B1DD03 /* Release */ = {
			isa = XCBuildConfiguration;
			buildSettings = {
				ASSETCATALOG_COMPILER_APPICON_NAME = AppIcon;
				CODE_SIGN_STYLE = Automatic;
				INFOPLIST_FILE = autolayout/Info.plist;
				LD_RUNPATH_SEARCH_PATHS = (
					"$(inherited)",
					"@executable_path/Frameworks",
				);
				PRODUCT_BUNDLE_IDENTIFIER = ulsa.edu.autolayout;
				PRODUCT_NAME = "$(TARGET_NAME)";
				SWIFT_VERSION = 5.0;
				TARGETED_DEVICE_FAMILY = "1,2";
			};
			name = Release;
		};
		3D374AF02547681500B1DD03 /* Debug */ = {
			isa = XCBuildConfiguration;
			buildSettings = {
				ALWAYS_EMBED_SWIFT_STANDARD_LIBRARIES = YES;
				BUNDLE_LOADER = "$(TEST_HOST)";
				CODE_SIGN_STYLE = Automatic;
				INFOPLIST_FILE = autolayoutTests/Info.plist;
				IPHONEOS_DEPLOYMENT_TARGET = 13.2;
				LD_RUNPATH_SEARCH_PATHS = (
					"$(inherited)",
					"@executable_path/Frameworks",
					"@loader_path/Frameworks",
				);
				PRODUCT_BUNDLE_IDENTIFIER = ulsa.edu.autolayoutTests;
				PRODUCT_NAME = "$(TARGET_NAME)";
				SWIFT_VERSION = 5.0;
				TARGETED_DEVICE_FAMILY = "1,2";
				TEST_HOST = "$(BUILT_PRODUCTS_DIR)/autolayout.app/autolayout";
			};
			name = Debug;
		};
		3D374AF12547681500B1DD03 /* Release */ = {
			isa = XCBuildConfiguration;
			buildSettings = {
				ALWAYS_EMBED_SWIFT_STANDARD_LIBRARIES = YES;
				BUNDLE_LOADER = "$(TEST_HOST)";
				CODE_SIGN_STYLE = Automatic;
				INFOPLIST_FILE = autolayoutTests/Info.plist;
				IPHONEOS_DEPLOYMENT_TARGET = 13.2;
				LD_RUNPATH_SEARCH_PATHS = (
					"$(inherited)",
					"@executable_path/Frameworks",
					"@loader_path/Frameworks",
				);
				PRODUCT_BUNDLE_IDENTIFIER = ulsa.edu.autolayoutTests;
				PRODUCT_NAME = "$(TARGET_NAME)";
				SWIFT_VERSION = 5.0;
				TARGETED_DEVICE_FAMILY = "1,2";
				TEST_HOST = "$(BUILT_PRODUCTS_DIR)/autolayout.app/autolayout";
			};
			name = Release;
		};
		3D374AF32547681500B1DD03 /* Debug */ = {
			isa = XCBuildConfiguration;
			buildSettings = {
				ALWAYS_EMBED_SWIFT_STANDARD_LIBRARIES = YES;
				CODE_SIGN_STYLE = Automatic;
				INFOPLIST_FILE = autolayoutUITests/Info.plist;
				LD_RUNPATH_SEARCH_PATHS = (
					"$(inherited)",
					"@executable_path/Frameworks",
					"@loader_path/Frameworks",
				);
				PRODUCT_BUNDLE_IDENTIFIER = ulsa.edu.autolayoutUITests;
				PRODUCT_NAME = "$(TARGET_NAME)";
				SWIFT_VERSION = 5.0;
				TARGETED_DEVICE_FAMILY = "1,2";
				TEST_TARGET_NAME = autolayout;
			};
			name = Debug;
		};
		3D374AF42547681500B1DD03 /* Release */ = {
			isa = XCBuildConfiguration;
			buildSettings = {
				ALWAYS_EMBED_SWIFT_STANDARD_LIBRARIES = YES;
				CODE_SIGN_STYLE = Automatic;
				INFOPLIST_FILE = autolayoutUITests/Info.plist;
				LD_RUNPATH_SEARCH_PATHS = (
					"$(inherited)",
					"@executable_path/Frameworks",
					"@loader_path/Frameworks",
				);
				PRODUCT_BUNDLE_IDENTIFIER = ulsa.edu.autolayoutUITests;
				PRODUCT_NAME = "$(TARGET_NAME)";
				SWIFT_VERSION = 5.0;
				TARGETED_DEVICE_FAMILY = "1,2";
				TEST_TARGET_NAME = autolayout;
			};
			name = Release;
		};
/* End XCBuildConfiguration section */

/* Begin XCConfigurationList section */
		3D374ABD2547681200B1DD03 /* Build configuration list for PBXProject "autolayout" */ = {
			isa = XCConfigurationList;
			buildConfigurations = (
				3D374AEA2547681500B1DD03 /* Debug */,
				3D374AEB2547681500B1DD03 /* Release */,
			);
			defaultConfigurationIsVisible = 0;
			defaultConfigurationName = Release;
		};
		3D374AEC2547681500B1DD03 /* Build configuration list for PBXNativeTarget "autolayout" */ = {
			isa = XCConfigurationList;
			buildConfigurations = (
				3D374AED2547681500B1DD03 /* Debug */,
				3D374AEE2547681500B1DD03 /* Release */,
			);
			defaultConfigurationIsVisible = 0;
			defaultConfigurationName = Release;
		};
		3D374AEF2547681500B1DD03 /* Build configuration list for PBXNativeTarget "autolayoutTests" */ = {
			isa = XCConfigurationList;
			buildConfigurations = (
				3D374AF02547681500B1DD03 /* Debug */,
				3D374AF12547681500B1DD03 /* Release */,
			);
			defaultConfigurationIsVisible = 0;
			defaultConfigurationName = Release;
		};
		3D374AF22547681500B1DD03 /* Build configuration list for PBXNativeTarget "autolayoutUITests" */ = {
			isa = XCConfigurationList;
			buildConfigurations = (
				3D374AF32547681500B1DD03 /* Debug */,
				3D374AF42547681500B1DD03 /* Release */,
			);
			defaultConfigurationIsVisible = 0;
			defaultConfigurationName = Release;
		};
/* End XCConfigurationList section */
	};
	rootObject = 3D374ABA2547681200B1DD03 /* Project object */;
}
